{
  "name": "echarts",
  "version": "4.2.1-rc.2",
  "lockfileVersion": 1,
  "requires": true,
  "dependencies": {
    "@babel/code-frame": {
      "version": "7.0.0-beta.31",
      "resolved": "https://registry.npmjs.org/@babel/code-frame/-/code-frame-7.0.0-beta.31.tgz",
      "integrity": "sha512-yd7CkUughvHQoEahQqcMdrZw6o/6PwUxiRkfZuVDVHCDe77mysD/suoNyk5mK6phTnRW1kyIbPHyCJgxw++LXg==",
      "dev": true,
      "requires": {
        "chalk": "^2.0.0",
        "esutils": "^2.0.2",
        "js-tokens": "^3.0.0"
      }
    },
    "@babel/core": {
      "version": "7.3.4",
      "resolved": "https://registry.npmjs.org/@babel/core/-/core-7.3.4.tgz",
      "integrity": "sha512-jRsuseXBo9pN197KnDwhhaaBzyZr2oIcLHHTt2oDdQrej5Qp57dCCJafWx5ivU8/alEYDpssYqv1MUqcxwQlrA==",
      "dev": true,
      "requires": {
        "@babel/code-frame": "^7.0.0",
        "@babel/generator": "^7.3.4",
        "@babel/helpers": "^7.2.0",
        "@babel/parser": "^7.3.4",
        "@babel/template": "^7.2.2",
        "@babel/traverse": "^7.3.4",
        "@babel/types": "^7.3.4",
        "convert-source-map": "^1.1.0",
        "debug": "^4.1.0",
        "json5": "^2.1.0",
        "lodash": "^4.17.11",
        "resolve": "^1.3.2",
        "semver": "^5.4.1",
        "source-map": "^0.5.0"
      },
      "dependencies": {
        "@babel/code-frame": {
          "version": "7.0.0",
          "resolved": "https://registry.npmjs.org/@babel/code-frame/-/code-frame-7.0.0.tgz",
          "integrity": "sha512-OfC2uemaknXr87bdLUkWog7nYuliM9Ij5HUcajsVcMCpQrcLmtxRbVFTIqmcSkSeYRBFBRxs2FiUqFJDLdiebA==",
          "dev": true,
          "requires": {
            "@babel/highlight": "^7.0.0"
          }
        },
        "@babel/template": {
          "version": "7.2.2",
          "resolved": "https://registry.npmjs.org/@babel/template/-/template-7.2.2.tgz",
          "integrity": "sha512-zRL0IMM02AUDwghf5LMSSDEz7sBCO2YnNmpg3uWTZj/v1rcG2BmQUvaGU8GhU8BvfMh1k2KIAYZ7Ji9KXPUg7g==",
          "dev": true,
          "requires": {
            "@babel/code-frame": "^7.0.0",
            "@babel/parser": "^7.2.2",
            "@babel/types": "^7.2.2"
          }
        },
        "@babel/types": {
          "version": "7.3.4",
          "resolved": "https://registry.npmjs.org/@babel/types/-/types-7.3.4.tgz",
          "integrity": "sha512-WEkp8MsLftM7O/ty580wAmZzN1nDmCACc5+jFzUt+GUFNNIi3LdRlueYz0YIlmJhlZx1QYDMZL5vdWCL0fNjFQ==",
          "dev": true,
          "requires": {
            "esutils": "^2.0.2",
            "lodash": "^4.17.11",
            "to-fast-properties": "^2.0.0"
          }
        }
      }
    },
    "@babel/generator": {
      "version": "7.3.4",
      "resolved": "https://registry.npmjs.org/@babel/generator/-/generator-7.3.4.tgz",
      "integrity": "sha512-8EXhHRFqlVVWXPezBW5keTiQi/rJMQTg/Y9uVCEZ0CAF3PKtCCaVRnp64Ii1ujhkoDhhF1fVsImoN4yJ2uz4Wg==",
      "dev": true,
      "requires": {
        "@babel/types": "^7.3.4",
        "jsesc": "^2.5.1",
        "lodash": "^4.17.11",
        "source-map": "^0.5.0",
        "trim-right": "^1.0.1"
      },
      "dependencies": {
        "@babel/types": {
          "version": "7.3.4",
          "resolved": "https://registry.npmjs.org/@babel/types/-/types-7.3.4.tgz",
          "integrity": "sha512-WEkp8MsLftM7O/ty580wAmZzN1nDmCACc5+jFzUt+GUFNNIi3LdRlueYz0YIlmJhlZx1QYDMZL5vdWCL0fNjFQ==",
          "dev": true,
          "requires": {
            "esutils": "^2.0.2",
            "lodash": "^4.17.11",
            "to-fast-properties": "^2.0.0"
          }
        }
      }
    },
    "@babel/helper-function-name": {
      "version": "7.1.0",
      "resolved": "https://registry.npmjs.org/@babel/helper-function-name/-/helper-function-name-7.1.0.tgz",
      "integrity": "sha512-A95XEoCpb3TO+KZzJ4S/5uW5fNe26DjBGqf1o9ucyLyCmi1dXq/B3c8iaWTfBk3VvetUxl16e8tIrd5teOCfGw==",
      "dev": true,
      "requires": {
        "@babel/helper-get-function-arity": "^7.0.0",
        "@babel/template": "^7.1.0",
        "@babel/types": "^7.0.0"
      },
      "dependencies": {
        "@babel/code-frame": {
          "version": "7.0.0",
          "resolved": "https://registry.npmjs.org/@babel/code-frame/-/code-frame-7.0.0.tgz",
          "integrity": "sha512-OfC2uemaknXr87bdLUkWog7nYuliM9Ij5HUcajsVcMCpQrcLmtxRbVFTIqmcSkSeYRBFBRxs2FiUqFJDLdiebA==",
          "dev": true,
          "requires": {
            "@babel/highlight": "^7.0.0"
          }
        },
        "@babel/template": {
          "version": "7.2.2",
          "resolved": "https://registry.npmjs.org/@babel/template/-/template-7.2.2.tgz",
          "integrity": "sha512-zRL0IMM02AUDwghf5LMSSDEz7sBCO2YnNmpg3uWTZj/v1rcG2BmQUvaGU8GhU8BvfMh1k2KIAYZ7Ji9KXPUg7g==",
          "dev": true,
          "requires": {
            "@babel/code-frame": "^7.0.0",
            "@babel/parser": "^7.2.2",
            "@babel/types": "^7.2.2"
          }
        },
        "@babel/types": {
          "version": "7.3.4",
          "resolved": "https://registry.npmjs.org/@babel/types/-/types-7.3.4.tgz",
          "integrity": "sha512-WEkp8MsLftM7O/ty580wAmZzN1nDmCACc5+jFzUt+GUFNNIi3LdRlueYz0YIlmJhlZx1QYDMZL5vdWCL0fNjFQ==",
          "dev": true,
          "requires": {
            "esutils": "^2.0.2",
            "lodash": "^4.17.11",
            "to-fast-properties": "^2.0.0"
          }
        }
      }
    },
    "@babel/helper-get-function-arity": {
      "version": "7.0.0",
      "resolved": "https://registry.npmjs.org/@babel/helper-get-function-arity/-/helper-get-function-arity-7.0.0.tgz",
      "integrity": "sha512-r2DbJeg4svYvt3HOS74U4eWKsUAMRH01Z1ds1zx8KNTPtpTL5JAsdFv8BNyOpVqdFhHkkRDIg5B4AsxmkjAlmQ==",
      "dev": true,
      "requires": {
        "@babel/types": "^7.0.0"
      },
      "dependencies": {
        "@babel/types": {
          "version": "7.3.4",
          "resolved": "https://registry.npmjs.org/@babel/types/-/types-7.3.4.tgz",
          "integrity": "sha512-WEkp8MsLftM7O/ty580wAmZzN1nDmCACc5+jFzUt+GUFNNIi3LdRlueYz0YIlmJhlZx1QYDMZL5vdWCL0fNjFQ==",
          "dev": true,
          "requires": {
            "esutils": "^2.0.2",
            "lodash": "^4.17.11",
            "to-fast-properties": "^2.0.0"
          }
        }
      }
    },
    "@babel/helper-module-imports": {
      "version": "7.0.0-beta.31",
      "resolved": "https://registry.npmjs.org/@babel/helper-module-imports/-/helper-module-imports-7.0.0-beta.31.tgz",
      "integrity": "sha512-T9msmkkMkNMY6mCjGXsVCF1ew4xuoNC0O4IPL++/Iahi/Gro7h7snDN7XQOr6iyhEptbsDBVxHE96vLAMYT/+g==",
      "dev": true,
      "requires": {
        "@babel/types": "7.0.0-beta.31",
        "lodash": "^4.2.0"
      }
    },
    "@babel/helper-module-transforms": {
      "version": "7.0.0-beta.31",
      "resolved": "https://registry.npmjs.org/@babel/helper-module-transforms/-/helper-module-transforms-7.0.0-beta.31.tgz",
      "integrity": "sha512-9CMeI+BKFZkOAhgbOPq+ocPC4Aanqfc/JoA7tWhPtmfFAcNcIAT/sg019DHaWmXL4FQcwaeDoi0Sg4ucur6SSQ==",
      "dev": true,
      "requires": {
        "@babel/helper-module-imports": "7.0.0-beta.31",
        "@babel/helper-simple-access": "7.0.0-beta.31",
        "@babel/template": "7.0.0-beta.31",
        "@babel/types": "7.0.0-beta.31",
        "lodash": "^4.2.0"
      }
    },
    "@babel/helper-simple-access": {
      "version": "7.0.0-beta.31",
      "resolved": "https://registry.npmjs.org/@babel/helper-simple-access/-/helper-simple-access-7.0.0-beta.31.tgz",
      "integrity": "sha512-Py1V9txNLbr6ShlTprHmFMFNO55F5V2UxqyYT9jGczuoVrVET2v4unhiaEfcShxPQhZqabVsEttxUYrbfUbigg==",
      "dev": true,
      "requires": {
        "@babel/template": "7.0.0-beta.31",
        "@babel/types": "7.0.0-beta.31",
        "lodash": "^4.2.0"
      }
    },
    "@babel/helper-split-export-declaration": {
      "version": "7.0.0",
      "resolved": "https://registry.npmjs.org/@babel/helper-split-export-declaration/-/helper-split-export-declaration-7.0.0.tgz",
      "integrity": "sha512-MXkOJqva62dfC0w85mEf/LucPPS/1+04nmmRMPEBUB++hiiThQ2zPtX/mEWQ3mtzCEjIJvPY8nuwxXtQeQwUag==",
      "dev": true,
      "requires": {
        "@babel/types": "^7.0.0"
      },
      "dependencies": {
        "@babel/types": {
          "version": "7.3.4",
          "resolved": "https://registry.npmjs.org/@babel/types/-/types-7.3.4.tgz",
          "integrity": "sha512-WEkp8MsLftM7O/ty580wAmZzN1nDmCACc5+jFzUt+GUFNNIi3LdRlueYz0YIlmJhlZx1QYDMZL5vdWCL0fNjFQ==",
          "dev": true,
          "requires": {
            "esutils": "^2.0.2",
            "lodash": "^4.17.11",
            "to-fast-properties": "^2.0.0"
          }
        }
      }
    },
    "@babel/helpers": {
      "version": "7.3.1",
      "resolved": "https://registry.npmjs.org/@babel/helpers/-/helpers-7.3.1.tgz",
      "integrity": "sha512-Q82R3jKsVpUV99mgX50gOPCWwco9Ec5Iln/8Vyu4osNIOQgSrd9RFrQeUvmvddFNoLwMyOUWU+5ckioEKpDoGA==",
      "dev": true,
      "requires": {
        "@babel/template": "^7.1.2",
        "@babel/traverse": "^7.1.5",
        "@babel/types": "^7.3.0"
      },
      "dependencies": {
        "@babel/code-frame": {
          "version": "7.0.0",
          "resolved": "https://registry.npmjs.org/@babel/code-frame/-/code-frame-7.0.0.tgz",
          "integrity": "sha512-OfC2uemaknXr87bdLUkWog7nYuliM9Ij5HUcajsVcMCpQrcLmtxRbVFTIqmcSkSeYRBFBRxs2FiUqFJDLdiebA==",
          "dev": true,
          "requires": {
            "@babel/highlight": "^7.0.0"
          }
        },
        "@babel/template": {
          "version": "7.2.2",
          "resolved": "https://registry.npmjs.org/@babel/template/-/template-7.2.2.tgz",
          "integrity": "sha512-zRL0IMM02AUDwghf5LMSSDEz7sBCO2YnNmpg3uWTZj/v1rcG2BmQUvaGU8GhU8BvfMh1k2KIAYZ7Ji9KXPUg7g==",
          "dev": true,
          "requires": {
            "@babel/code-frame": "^7.0.0",
            "@babel/parser": "^7.2.2",
            "@babel/types": "^7.2.2"
          }
        },
        "@babel/types": {
          "version": "7.3.4",
          "resolved": "https://registry.npmjs.org/@babel/types/-/types-7.3.4.tgz",
          "integrity": "sha512-WEkp8MsLftM7O/ty580wAmZzN1nDmCACc5+jFzUt+GUFNNIi3LdRlueYz0YIlmJhlZx1QYDMZL5vdWCL0fNjFQ==",
          "dev": true,
          "requires": {
            "esutils": "^2.0.2",
            "lodash": "^4.17.11",
            "to-fast-properties": "^2.0.0"
          }
        }
      }
    },
    "@babel/highlight": {
      "version": "7.0.0",
      "resolved": "https://registry.npmjs.org/@babel/highlight/-/highlight-7.0.0.tgz",
      "integrity": "sha512-UFMC4ZeFC48Tpvj7C8UgLvtkaUuovQX+5xNWrsIoMG8o2z+XFKjKaN9iVmS84dPwVN00W4wPmqvYoZF3EGAsfw==",
      "dev": true,
      "requires": {
        "chalk": "^2.0.0",
        "esutils": "^2.0.2",
        "js-tokens": "^4.0.0"
      },
      "dependencies": {
        "js-tokens": {
          "version": "4.0.0",
          "resolved": "https://registry.npmjs.org/js-tokens/-/js-tokens-4.0.0.tgz",
          "integrity": "sha512-RdJUflcE3cUzKiMqQgsCu06FPu9UdIJO0beYbPhHN4k6apgJtifcoCtT9bcxOpYBtpD2kCM6Sbzg4CausW/PKQ==",
          "dev": true
        }
      }
    },
    "@babel/parser": {
      "version": "7.3.4",
      "resolved": "https://registry.npmjs.org/@babel/parser/-/parser-7.3.4.tgz",
      "integrity": "sha512-tXZCqWtlOOP4wgCp6RjRvLmfuhnqTLy9VHwRochJBCP2nDm27JnnuFEnXFASVyQNHk36jD1tAammsCEEqgscIQ==",
      "dev": true
    },
    "@babel/template": {
      "version": "7.0.0-beta.31",
      "resolved": "https://registry.npmjs.org/@babel/template/-/template-7.0.0-beta.31.tgz",
      "integrity": "sha512-97IRmLvoDhIDSQkqklVt3UCxJsv0LUEVb/0DzXWtc8Lgiyxj567qZkmTG9aR21CmcJVVIvq2Y/moZj4oEpl5AA==",
      "dev": true,
      "requires": {
        "@babel/code-frame": "7.0.0-beta.31",
        "@babel/types": "7.0.0-beta.31",
        "babylon": "7.0.0-beta.31",
        "lodash": "^4.2.0"
      }
    },
    "@babel/traverse": {
      "version": "7.3.4",
      "resolved": "https://registry.npmjs.org/@babel/traverse/-/traverse-7.3.4.tgz",
      "integrity": "sha512-TvTHKp6471OYEcE/91uWmhR6PrrYywQntCHSaZ8CM8Vmp+pjAusal4nGB2WCCQd0rvI7nOMKn9GnbcvTUz3/ZQ==",
      "dev": true,
      "requires": {
        "@babel/code-frame": "^7.0.0",
        "@babel/generator": "^7.3.4",
        "@babel/helper-function-name": "^7.1.0",
        "@babel/helper-split-export-declaration": "^7.0.0",
        "@babel/parser": "^7.3.4",
        "@babel/types": "^7.3.4",
        "debug": "^4.1.0",
        "globals": "^11.1.0",
        "lodash": "^4.17.11"
      },
      "dependencies": {
        "@babel/code-frame": {
          "version": "7.0.0",
          "resolved": "https://registry.npmjs.org/@babel/code-frame/-/code-frame-7.0.0.tgz",
          "integrity": "sha512-OfC2uemaknXr87bdLUkWog7nYuliM9Ij5HUcajsVcMCpQrcLmtxRbVFTIqmcSkSeYRBFBRxs2FiUqFJDLdiebA==",
          "dev": true,
          "requires": {
            "@babel/highlight": "^7.0.0"
          }
        },
        "@babel/types": {
          "version": "7.3.4",
          "resolved": "https://registry.npmjs.org/@babel/types/-/types-7.3.4.tgz",
          "integrity": "sha512-WEkp8MsLftM7O/ty580wAmZzN1nDmCACc5+jFzUt+GUFNNIi3LdRlueYz0YIlmJhlZx1QYDMZL5vdWCL0fNjFQ==",
          "dev": true,
          "requires": {
            "esutils": "^2.0.2",
            "lodash": "^4.17.11",
            "to-fast-properties": "^2.0.0"
          }
        }
      }
    },
    "@babel/types": {
      "version": "7.0.0-beta.31",
      "resolved": "https://registry.npmjs.org/@babel/types/-/types-7.0.0-beta.31.tgz",
      "integrity": "sha512-exAHB+NeFGxkfQ5dSUD03xl3zYGneeSk2Mw2ldTt/nTvYxuDiuSp3DlxgUBgzbdTFG4fbwPk0WtKWOoTXCmNGg==",
      "dev": true,
      "requires": {
        "esutils": "^2.0.2",
        "lodash": "^4.2.0",
        "to-fast-properties": "^2.0.0"
      }
    },
    "amdefine": {
      "version": "1.0.1",
      "resolved": "https://registry.npmjs.org/amdefine/-/amdefine-1.0.1.tgz",
      "integrity": "sha1-SlKCrBZHKek2Gbz9OtFR+BfOkfU=",
      "dev": true,
      "optional": true
    },
    "ansi-styles": {
      "version": "3.2.1",
      "resolved": "https://registry.npmjs.org/ansi-styles/-/ansi-styles-3.2.1.tgz",
      "integrity": "sha512-VT0ZI6kZRdTh8YyJw3SMbYm/u+NqfsAxEpWO0Pf9sq8/e94WxxOpPKx9FR1FlyCtOVDNOQ+8ntlqFxiRc+r5qA==",
      "dev": true,
      "requires": {
        "color-convert": "^1.9.0"
      }
    },
    "assert": {
      "version": "1.4.1",
      "resolved": "https://registry.npmjs.org/assert/-/assert-1.4.1.tgz",
      "integrity": "sha1-mZEtWRg2tab1s0XA8H7vwI/GXZE=",
      "dev": true,
      "requires": {
        "util": "0.10.3"
      }
    },
    "babylon": {
      "version": "7.0.0-beta.31",
      "resolved": "https://registry.npmjs.org/babylon/-/babylon-7.0.0-beta.31.tgz",
      "integrity": "sha512-6lm2mV3S51yEnKmQQNnswoABL1U1H1KHoCCVwdwI3hvIv+W7ya4ki7Aw4o4KxtUHjNKkK5WpZb22rrMMOcJXJQ==",
      "dev": true
    },
    "balanced-match": {
      "version": "1.0.0",
      "resolved": "https://registry.npmjs.org/balanced-match/-/balanced-match-1.0.0.tgz",
      "integrity": "sha1-ibTRmasr7kneFk6gK4nORi1xt2c=",
      "dev": true
    },
    "brace-expansion": {
      "version": "1.1.11",
      "resolved": "https://registry.npmjs.org/brace-expansion/-/brace-expansion-1.1.11.tgz",
      "integrity": "sha512-iCuPHDFgrHX7H2vEI/5xpz07zSHB00TpugqhmYtVmMO6518mCuRMoOYFldEBl0g187ufozdaHgWKcYFb61qGiA==",
      "dev": true,
      "requires": {
        "balanced-match": "^1.0.0",
        "concat-map": "0.0.1"
      }
    },
    "browser-resolve": {
      "version": "1.11.3",
      "resolved": "https://registry.npmjs.org/browser-resolve/-/browser-resolve-1.11.3.tgz",
      "integrity": "sha512-exDi1BYWB/6raKHmDTCicQfTkqwN5fioMFV4j8BsfMU4R2DK/QfZfK7kOVkmWCNANf0snkBzqGqAJBao9gZMdQ==",
      "dev": true,
      "requires": {
        "resolve": "1.1.7"
      },
      "dependencies": {
        "resolve": {
          "version": "1.1.7",
          "resolved": "https://registry.npmjs.org/resolve/-/resolve-1.1.7.tgz",
          "integrity": "sha1-IDEU2CrSxe2ejgQRs5ModeiJ6Xs=",
          "dev": true
        }
      }
    },
    "builtin-modules": {
      "version": "1.1.1",
      "resolved": "https://registry.npmjs.org/builtin-modules/-/builtin-modules-1.1.1.tgz",
      "integrity": "sha1-Jw8HbFpywC9bZaR9+Uxf46J4iS8=",
      "dev": true
    },
    "chalk": {
      "version": "2.4.2",
      "resolved": "https://registry.npmjs.org/chalk/-/chalk-2.4.2.tgz",
      "integrity": "sha512-Mti+f9lpJNcwF4tWV8/OrTTtF1gZi+f8FqlyAdouralcFWFQWF2+NgCHShjkCb+IFBLq9buZwE1xckQU4peSuQ==",
      "dev": true,
      "requires": {
        "ansi-styles": "^3.2.1",
        "escape-string-regexp": "^1.0.5",
        "supports-color": "^5.3.0"
      }
    },
    "color-convert": {
      "version": "1.9.3",
      "resolved": "https://registry.npmjs.org/color-convert/-/color-convert-1.9.3.tgz",
      "integrity": "sha512-QfAUtd+vFdAtFQcC8CCyYt1fYWxSqAiK2cSD6zDB8N3cpsEBAvRxp9zOGg6G/SHHJYAT88/az/IuDGALsNVbGg==",
      "dev": true,
      "requires": {
        "color-name": "1.1.3"
      }
    },
    "color-name": {
      "version": "1.1.3",
      "resolved": "https://registry.npmjs.org/color-name/-/color-name-1.1.3.tgz",
      "integrity": "sha1-p9BVi9icQveV3UIyj3QIMcpTvCU=",
      "dev": true
    },
    "commander": {
      "version": "2.11.0",
      "resolved": "https://registry.npmjs.org/commander/-/commander-2.11.0.tgz",
      "integrity": "sha512-b0553uYA5YAEGgyYIGYROzKQ7X5RAqedkfjiZxwi0kL1g3bOaBNNZfYkzt/CL0umgD5wc9Jec2FbB98CjkMRvQ==",
      "dev": true
    },
    "concat-map": {
      "version": "0.0.1",
      "resolved": "https://registry.npmjs.org/concat-map/-/concat-map-0.0.1.tgz",
      "integrity": "sha1-2Klr13/Wjfd5OnMDajug1UBdR3s=",
      "dev": true
    },
    "convert-source-map": {
      "version": "1.6.0",
      "resolved": "https://registry.npmjs.org/convert-source-map/-/convert-source-map-1.6.0.tgz",
      "integrity": "sha512-eFu7XigvxdZ1ETfbgPBohgyQ/Z++C0eEhTor0qRwBw9unw+L0/6V8wkSuGgzdThkiS5lSpdptOQPD8Ak40a+7A==",
      "dev": true,
      "requires": {
        "safe-buffer": "~5.1.1"
      }
    },
    "coordtransform": {
      "version": "2.0.2",
      "resolved": "https://registry.npmjs.org/coordtransform/-/coordtransform-2.0.2.tgz",
      "integrity": "sha1-Cptp0SEA7Jf2+TgaJL5RBNNOnvk=",
      "dev": true
    },
    "debug": {
      "version": "4.1.1",
      "resolved": "https://registry.npmjs.org/debug/-/debug-4.1.1.tgz",
      "integrity": "sha512-pYAIzeRo8J6KPEaJ0VWOh5Pzkbw/RetuzehGM7QRRX5he4fPHx2rdKMB256ehJCkX+XRQm16eZLqLNS8RSZXZw==",
      "dev": true,
      "requires": {
        "ms": "^2.1.1"
      }
    },
    "deep-is": {
      "version": "0.1.3",
      "resolved": "https://registry.npmjs.org/deep-is/-/deep-is-0.1.3.tgz",
      "integrity": "sha1-s2nW+128E+7PUk+RsHD+7cNXzzQ=",
      "dev": true
    },
    "escape-string-regexp": {
      "version": "1.0.5",
      "resolved": "https://registry.npmjs.org/escape-string-regexp/-/escape-string-regexp-1.0.5.tgz",
      "integrity": "sha1-G2HAViGQqN/2rjuyzwIAyhMLhtQ=",
      "dev": true
    },
    "escodegen": {
      "version": "1.8.0",
      "resolved": "https://registry.npmjs.org/escodegen/-/escodegen-1.8.0.tgz",
      "integrity": "sha1-skaq6CnOc9WeLFVyc1nt0cEwqBs=",
      "dev": true,
      "requires": {
        "esprima": "^2.7.1",
        "estraverse": "^1.9.1",
        "esutils": "^2.0.2",
        "optionator": "^0.8.1",
        "source-map": "~0.2.0"
      },
      "dependencies": {
        "estraverse": {
          "version": "1.9.3",
          "resolved": "https://registry.npmjs.org/estraverse/-/estraverse-1.9.3.tgz",
          "integrity": "sha1-r2fy3JIlgkFZUJJgkaQAXSnJu0Q=",
          "dev": true
        },
        "source-map": {
          "version": "0.2.0",
          "resolved": "https://registry.npmjs.org/source-map/-/source-map-0.2.0.tgz",
          "integrity": "sha1-2rc/vPwrqBm03gO9b26qSBZLP50=",
          "dev": true,
          "optional": true,
          "requires": {
            "amdefine": ">=0.0.4"
          }
        }
      }
    },
    "esprima": {
      "version": "2.7.2",
      "resolved": "https://registry.npmjs.org/esprima/-/esprima-2.7.2.tgz",
      "integrity": "sha1-9DvlQ2CZhOrkTJM6xjNSpq818zk=",
      "dev": true
    },
    "estraverse": {
      "version": "4.1.1",
      "resolved": "https://registry.npmjs.org/estraverse/-/estraverse-4.1.1.tgz",
      "integrity": "sha1-9srKcokzqFDvkGYdDheYK6RxEaI=",
      "dev": true
    },
    "esutils": {
      "version": "2.0.2",
      "resolved": "https://registry.npmjs.org/esutils/-/esutils-2.0.2.tgz",
      "integrity": "sha1-Cr9PHKpbyx96nYrMbepPqqBLrJs=",
      "dev": true
    },
    "fast-levenshtein": {
      "version": "2.0.6",
      "resolved": "https://registry.npmjs.org/fast-levenshtein/-/fast-levenshtein-2.0.6.tgz",
      "integrity": "sha1-PYpcZog6FqMMqGQ+hR8Zuqd5eRc=",
      "dev": true
    },
    "fs-extra": {
      "version": "0.26.7",
      "resolved": "https://registry.npmjs.org/fs-extra/-/fs-extra-0.26.7.tgz",
      "integrity": "sha1-muH92UiXeY7at20JGM9C0MMYT6k=",
      "dev": true,
      "requires": {
        "graceful-fs": "^4.1.2",
        "jsonfile": "^2.1.0",
        "klaw": "^1.0.0",
        "path-is-absolute": "^1.0.0",
        "rimraf": "^2.2.8"
      }
    },
    "fs.realpath": {
      "version": "1.0.0",
      "resolved": "https://registry.npmjs.org/fs.realpath/-/fs.realpath-1.0.0.tgz",
      "integrity": "sha1-FQStJSMVjKpA20onh8sBQRmU6k8=",
      "dev": true
    },
    "glob": {
      "version": "7.0.0",
      "resolved": "https://registry.npmjs.org/glob/-/glob-7.0.0.tgz",
      "integrity": "sha1-OyCjV//89GuzhK7W+K6aZH/basQ=",
      "dev": true,
      "requires": {
        "inflight": "^1.0.4",
        "inherits": "2",
        "minimatch": "2 || 3",
        "once": "^1.3.0",
        "path-is-absolute": "^1.0.0"
      }
    },
    "globals": {
      "version": "11.11.0",
      "resolved": "https://registry.npmjs.org/globals/-/globals-11.11.0.tgz",
      "integrity": "sha512-WHq43gS+6ufNOEqlrDBxVEbb8ntfXrfAUU2ZOpCxrBdGKW3gyv8mCxAfIBD0DroPKGrJ2eSsXsLtY9MPntsyTw==",
      "dev": true
    },
    "graceful-fs": {
      "version": "4.1.15",
      "resolved": "https://registry.npmjs.org/graceful-fs/-/graceful-fs-4.1.15.tgz",
      "integrity": "sha512-6uHUhOPEBgQ24HM+r6b/QwWfZq+yiFcipKFrOFiBEnWdy5sdzYoi+pJeQaPI5qOLRFqWmAXUPQNsielzdLoecA==",
      "dev": true
    },
    "has-flag": {
      "version": "3.0.0",
      "resolved": "https://registry.npmjs.org/has-flag/-/has-flag-3.0.0.tgz",
      "integrity": "sha1-tdRU3CGZriJWmfNGfloH87lVuv0=",
      "dev": true
    },
    "inflight": {
      "version": "1.0.6",
      "resolved": "https://registry.npmjs.org/inflight/-/inflight-1.0.6.tgz",
      "integrity": "sha1-Sb1jMdfQLQwJvJEKEHW6gWW1bfk=",
      "dev": true,
      "requires": {
        "once": "^1.3.0",
        "wrappy": "1"
      }
    },
    "inherits": {
      "version": "2.0.1",
      "resolved": "https://registry.npmjs.org/inherits/-/inherits-2.0.1.tgz",
      "integrity": "sha1-sX0I0ya0Qj5Wjv9xn5GwscvfafE=",
      "dev": true
    },
    "is-module": {
      "version": "1.0.0",
      "resolved": "https://registry.npmjs.org/is-module/-/is-module-1.0.0.tgz",
      "integrity": "sha1-Mlj7afeMFNW4FdZkM2tM/7ZEFZE=",
      "dev": true
    },
    "js-tokens": {
      "version": "3.0.2",
      "resolved": "https://registry.npmjs.org/js-tokens/-/js-tokens-3.0.2.tgz",
      "integrity": "sha1-mGbfOVECEw449/mWvOtlRDIJwls=",
      "dev": true
    },
    "jsesc": {
      "version": "2.5.2",
      "resolved": "https://registry.npmjs.org/jsesc/-/jsesc-2.5.2.tgz",
      "integrity": "sha512-OYu7XEzjkCQ3C5Ps3QIZsQfNpqoJyZZA99wd9aWd05NCtC5pWOkShK2mkL6HXQR6/Cy2lbNdPlZBpuQHXE63gA==",
      "dev": true
    },
    "json5": {
      "version": "2.1.0",
      "resolved": "https://registry.npmjs.org/json5/-/json5-2.1.0.tgz",
      "integrity": "sha512-8Mh9h6xViijj36g7Dxi+Y4S6hNGV96vcJZr/SrlHh1LR/pEn/8j/+qIBbs44YKl69Lrfctp4QD+AdWLTMqEZAQ==",
      "dev": true,
      "requires": {
        "minimist": "^1.2.0"
      }
    },
    "jsonfile": {
      "version": "2.4.0",
      "resolved": "https://registry.npmjs.org/jsonfile/-/jsonfile-2.4.0.tgz",
      "integrity": "sha1-NzaitCi4e72gzIO1P6PWM6NcKug=",
      "dev": true,
      "requires": {
        "graceful-fs": "^4.1.6"
      }
    },
    "klaw": {
      "version": "1.3.1",
      "resolved": "https://registry.npmjs.org/klaw/-/klaw-1.3.1.tgz",
      "integrity": "sha1-QIhDO0azsbolnXh4XY6W9zugJDk=",
      "dev": true,
      "requires": {
        "graceful-fs": "^4.1.9"
      }
    },
    "levn": {
      "version": "0.3.0",
      "resolved": "https://registry.npmjs.org/levn/-/levn-0.3.0.tgz",
      "integrity": "sha1-OwmSTt+fCDwEkP3UwLxEIeBHZO4=",
      "dev": true,
      "requires": {
        "prelude-ls": "~1.1.2",
        "type-check": "~0.3.2"
      }
    },
    "lodash": {
      "version": "4.17.11",
      "resolved": "https://registry.npmjs.org/lodash/-/lodash-4.17.11.tgz",
      "integrity": "sha512-cQKh8igo5QUhZ7lg38DYWAxMvjSAKG0A8wGSVimP07SIUEK2UO+arSRKbRZWtelMtN5V0Hkwh5ryOto/SshYIg==",
      "dev": true
    },
    "minimatch": {
      "version": "3.0.4",
      "resolved": "https://registry.npmjs.org/minimatch/-/minimatch-3.0.4.tgz",
      "integrity": "sha512-yJHVQEhyqPLUTgt9B83PXu6W3rx4MvvHvSUvToogpwoGDOUQ+yDrR0HRot+yOCdCO7u4hX3pWft6kWBBcqh0UA==",
      "dev": true,
      "requires": {
        "brace-expansion": "^1.1.7"
      }
    },
    "minimist": {
      "version": "1.2.0",
      "resolved": "https://registry.npmjs.org/minimist/-/minimist-1.2.0.tgz",
      "integrity": "sha1-o1AIsg9BOD7sH7kU9M1d95omQoQ=",
      "dev": true
    },
    "ms": {
      "version": "2.1.1",
      "resolved": "https://registry.npmjs.org/ms/-/ms-2.1.1.tgz",
      "integrity": "sha512-tgp+dl5cGk28utYktBsrFqA7HKgrhgPsg6Z/EfhWI4gl1Hwq8B/GmY/0oXZ6nF8hDVesS/FpnYaD/kOWhYQvyg==",
      "dev": true
    },
    "once": {
      "version": "1.4.0",
      "resolved": "https://registry.npmjs.org/once/-/once-1.4.0.tgz",
      "integrity": "sha1-WDsap3WWHUsROsF9nFC6753Xa9E=",
      "dev": true,
      "requires": {
        "wrappy": "1"
      }
    },
    "optionator": {
      "version": "0.8.2",
      "resolved": "https://registry.npmjs.org/optionator/-/optionator-0.8.2.tgz",
      "integrity": "sha1-NkxeQJ0/TWMB1sC0wFu6UBgK62Q=",
      "dev": true,
      "requires": {
        "deep-is": "~0.1.3",
        "fast-levenshtein": "~2.0.4",
        "levn": "~0.3.0",
        "prelude-ls": "~1.1.2",
        "type-check": "~0.3.2",
        "wordwrap": "~1.0.0"
      }
    },
    "path-is-absolute": {
      "version": "1.0.1",
      "resolved": "https://registry.npmjs.org/path-is-absolute/-/path-is-absolute-1.0.1.tgz",
      "integrity": "sha1-F0uSaHNVNP+8es5r9TpanhtcX18=",
      "dev": true
    },
    "path-parse": {
      "version": "1.0.6",
      "resolved": "https://registry.npmjs.org/path-parse/-/path-parse-1.0.6.tgz",
      "integrity": "sha512-GSmOT2EbHrINBf9SR7CDELwlJ8AENk3Qn7OikK4nFYAu3Ote2+JYNVvkpAEQm3/TLNEJFD/xZJjzyxg3KBWOzw==",
      "dev": true
    },
    "prelude-ls": {
      "version": "1.1.2",
      "resolved": "https://registry.npmjs.org/prelude-ls/-/prelude-ls-1.1.2.tgz",
      "integrity": "sha1-IZMqVJ9eUv/ZqCf1cOBL5iqX2lQ=",
      "dev": true
    },
    "resolve": {
      "version": "1.10.0",
      "resolved": "https://registry.npmjs.org/resolve/-/resolve-1.10.0.tgz",
      "integrity": "sha512-3sUr9aq5OfSg2S9pNtPA9hL1FVEAjvfOC4leW0SNf/mpnaakz2a9femSd6LqAww2RaFctwyf1lCqnTHuF1rxDg==",
      "dev": true,
      "requires": {
        "path-parse": "^1.0.6"
      }
    },
    "rimraf": {
      "version": "2.6.3",
      "resolved": "https://registry.npmjs.org/rimraf/-/rimraf-2.6.3.tgz",
      "integrity": "sha512-mwqeW5XsA2qAejG46gYdENaxXjx9onRNCfn7L0duuP4hCuTIi/QO7PDK07KJfp1d+izWPrzEJDcSqBa0OZQriA==",
      "dev": true,
      "requires": {
        "glob": "^7.1.3"
      },
      "dependencies": {
        "glob": {
          "version": "7.1.3",
          "resolved": "https://registry.npmjs.org/glob/-/glob-7.1.3.tgz",
          "integrity": "sha512-vcfuiIxogLV4DlGBHIUOwI0IbrJ8HWPc4MU7HzviGeNho/UJDfi6B5p3sHeWIQ0KGIU0Jpxi5ZHxemQfLkkAwQ==",
          "dev": true,
          "requires": {
            "fs.realpath": "^1.0.0",
            "inflight": "^1.0.4",
            "inherits": "2",
            "minimatch": "^3.0.4",
            "once": "^1.3.0",
            "path-is-absolute": "^1.0.0"
          }
        }
      }
    },
    "rollup": {
      "version": "0.50.0",
      "resolved": "https://registry.npmjs.org/rollup/-/rollup-0.50.0.tgz",
      "integrity": "sha512-7RqCBQ9iwsOBPkjYgoIaeUij606mSkDMExP0NT7QDI3bqkHYQHrQ83uoNIXwPcQm/vP2VbsUz3kiyZZ1qPlLTQ==",
      "dev": true
    },
    "rollup-plugin-node-resolve": {
      "version": "3.0.0",
      "resolved": "https://registry.npmjs.org/rollup-plugin-node-resolve/-/rollup-plugin-node-resolve-3.0.0.tgz",
      "integrity": "sha1-i4l8TDAw1QASd7BRSyXSygloPuA=",
      "dev": true,
      "requires": {
        "browser-resolve": "^1.11.0",
        "builtin-modules": "^1.1.0",
        "is-module": "^1.0.0",
        "resolve": "^1.1.6"
      }
    },
    "rollup-plugin-uglify": {
      "version": "2.0.1",
      "resolved": "https://registry.npmjs.org/rollup-plugin-uglify/-/rollup-plugin-uglify-2.0.1.tgz",
      "integrity": "sha1-Z7N60e/a+9g69MNrQMGJ7khmyWk=",
      "dev": true,
      "requires": {
        "uglify-js": "^3.0.9"
      }
    },
    "safe-buffer": {
      "version": "5.1.2",
      "resolved": "https://registry.npmjs.org/safe-buffer/-/safe-buffer-5.1.2.tgz",
      "integrity": "sha512-Gd2UZBJDkXlY7GbJxfsE8/nvKkUEU1G38c1siN6QP6a9PT9MmHB8GnpscSmMJSoF8LOIrt8ud/wPtojys4G6+g==",
      "dev": true
    },
    "semver": {
      "version": "5.6.0",
      "resolved": "https://registry.npmjs.org/semver/-/semver-5.6.0.tgz",
      "integrity": "sha512-RS9R6R35NYgQn++fkDWaOmqGoj4Ek9gGs+DPxNUZKuwE183xjJroKvyo1IzVFeXvUrvmALy6FWD5xrdJT25gMg==",
      "dev": true
    },
    "source-map": {
      "version": "0.5.7",
      "resolved": "https://registry.npmjs.org/source-map/-/source-map-0.5.7.tgz",
      "integrity": "sha1-igOdLRAh0i0eoUyA2OpGi6LvP8w=",
      "dev": true
    },
    "supports-color": {
      "version": "5.5.0",
      "resolved": "https://registry.npmjs.org/supports-color/-/supports-color-5.5.0.tgz",
      "integrity": "sha512-QjVjwdXIt408MIiAqCX4oUKsgU2EqAGzs2Ppkm4aQYbjm+ZEWEcW4SfFNTr4uMNZma0ey4f5lgLrkB0aX0QMow==",
      "dev": true,
      "requires": {
        "has-flag": "^3.0.0"
      }
    },
    "to-fast-properties": {
      "version": "2.0.0",
      "resolved": "https://registry.npmjs.org/to-fast-properties/-/to-fast-properties-2.0.0.tgz",
      "integrity": "sha1-3F5pjL0HkmW8c+A3doGk5Og/YW4=",
      "dev": true
    },
    "trim-right": {
      "version": "1.0.1",
      "resolved": "https://registry.npmjs.org/trim-right/-/trim-right-1.0.1.tgz",
      "integrity": "sha1-yy4SAwZ+DI3h9hQJS5/kVwTqYAM=",
      "dev": true
    },
    "type-check": {
      "version": "0.3.2",
      "resolved": "https://registry.npmjs.org/type-check/-/type-check-0.3.2.tgz",
      "integrity": "sha1-WITKtRLPHTVeP7eE8wgEsrUg23I=",
      "dev": true,
      "requires": {
        "prelude-ls": "~1.1.2"
      }
    },
    "uglify-js": {
      "version": "3.4.9",
      "resolved": "https://registry.npmjs.org/uglify-js/-/uglify-js-3.4.9.tgz",
      "integrity": "sha512-8CJsbKOtEbnJsTyv6LE6m6ZKniqMiFWmm9sRbopbkGs3gMPPfd3Fh8iIA4Ykv5MgaTbqHr4BaoGLJLZNhsrW1Q==",
      "dev": true,
      "requires": {
        "commander": "~2.17.1",
        "source-map": "~0.6.1"
      },
      "dependencies": {
        "commander": {
          "version": "2.17.1",
          "resolved": "https://registry.npmjs.org/commander/-/commander-2.17.1.tgz",
          "integrity": "sha512-wPMUt6FnH2yzG95SA6mzjQOEKUU3aLaDEmzs1ti+1E9h+CsrZghRlqEM/EJ4KscsQVG8uNN4uVreUeT8+drlgg==",
          "dev": true
        },
        "source-map": {
          "version": "0.6.1",
          "resolved": "https://registry.npmjs.org/source-map/-/source-map-0.6.1.tgz",
          "integrity": "sha512-UjgapumWlbMhkBgzT7Ykc5YXUT46F0iKu8SGXq0bcwP5dz/h0Plj6enJqjz1Zbq2l5WaqYnrVbwWOWMyF3F47g==",
          "dev": true
        }
      }
    },
    "util": {
      "version": "0.10.3",
      "resolved": "https://registry.npmjs.org/util/-/util-0.10.3.tgz",
      "integrity": "sha1-evsa/lCAUkZInj23/g7TeTNqwPk=",
      "dev": true,
      "requires": {
        "inherits": "2.0.1"
      }
    },
    "wordwrap": {
      "version": "1.0.0",
      "resolved": "https://registry.npmjs.org/wordwrap/-/wordwrap-1.0.0.tgz",
      "integrity": "sha1-J1hIEIkUVqQXHI0CJkQa3pDLyus=",
      "dev": true
    },
    "wrappy": {
      "version": "1.0.2",
      "resolved": "https://registry.npmjs.org/wrappy/-/wrappy-1.0.2.tgz",
      "integrity": "sha1-tSQ9jz7BqjXxNkYFvA0QNuMKtp8=",
      "dev": true
    },
    "zrender": {
      "version": "4.0.7",
      "dependencies": {
        "@babel/code-frame": {
          "version": "7.0.0",
          "bundled": true,
          "requires": {
            "@babel/highlight": "^7.0.0"
          }
        },
        "@babel/core": {
          "version": "7.3.4",
          "bundled": true,
          "requires": {
            "@babel/code-frame": "^7.0.0",
            "@babel/generator": "^7.3.4",
            "@babel/helpers": "^7.2.0",
            "@babel/parser": "^7.3.4",
            "@babel/template": "^7.2.2",
            "@babel/traverse": "^7.3.4",
            "@babel/types": "^7.3.4",
            "convert-source-map": "^1.1.0",
            "debug": "^4.1.0",
            "json5": "^2.1.0",
            "lodash": "^4.17.11",
            "resolve": "^1.3.2",
            "semver": "^5.4.1",
            "source-map": "^0.5.0"
          },
          "dependencies": {
            "@babel/types": {
              "version": "7.3.4",
              "bundled": true,
              "requires": {
                "esutils": "^2.0.2",
                "lodash": "^4.17.11",
                "to-fast-properties": "^2.0.0"
              }
            },
            "source-map": {
              "version": "0.5.7",
              "bundled": true
            }
          }
        },
        "@babel/generator": {
          "version": "7.3.4",
          "bundled": true,
          "requires": {
            "@babel/types": "^7.3.4",
            "jsesc": "^2.5.1",
            "lodash": "^4.17.11",
            "source-map": "^0.5.0",
            "trim-right": "^1.0.1"
          },
          "dependencies": {
            "@babel/types": {
              "version": "7.3.4",
              "bundled": true,
              "requires": {
                "esutils": "^2.0.2",
                "lodash": "^4.17.11",
                "to-fast-properties": "^2.0.0"
              }
            },
            "source-map": {
              "version": "0.5.7",
              "bundled": true
            }
          }
        },
        "@babel/helper-function-name": {
          "version": "7.1.0",
          "bundled": true,
          "requires": {
            "@babel/helper-get-function-arity": "^7.0.0",
            "@babel/template": "^7.1.0",
            "@babel/types": "^7.0.0"
          },
          "dependencies": {
            "@babel/types": {
              "version": "7.3.4",
              "bundled": true,
              "requires": {
                "esutils": "^2.0.2",
                "lodash": "^4.17.11",
                "to-fast-properties": "^2.0.0"
              }
            }
          }
        },
        "@babel/helper-get-function-arity": {
          "version": "7.0.0",
          "bundled": true,
          "requires": {
            "@babel/types": "^7.0.0"
          },
          "dependencies": {
            "@babel/types": {
              "version": "7.3.4",
              "bundled": true,
              "requires": {
                "esutils": "^2.0.2",
                "lodash": "^4.17.11",
                "to-fast-properties": "^2.0.0"
              }
            }
          }
        },
        "@babel/helper-module-imports": {
          "version": "7.0.0",
          "bundled": true,
          "requires": {
            "@babel/types": "^7.0.0"
          },
          "dependencies": {
            "@babel/types": {
              "version": "7.3.4",
              "bundled": true,
              "requires": {
                "esutils": "^2.0.2",
                "lodash": "^4.17.11",
                "to-fast-properties": "^2.0.0"
              }
            }
          }
        },
        "@babel/helper-module-transforms": {
          "version": "7.2.2",
          "bundled": true,
          "requires": {
            "@babel/helper-module-imports": "^7.0.0",
            "@babel/helper-simple-access": "^7.1.0",
            "@babel/helper-split-export-declaration": "^7.0.0",
            "@babel/template": "^7.2.2",
            "@babel/types": "^7.2.2",
            "lodash": "^4.17.10"
          },
          "dependencies": {
            "@babel/types": {
              "version": "7.3.4",
              "bundled": true,
              "requires": {
                "esutils": "^2.0.2",
                "lodash": "^4.17.11",
                "to-fast-properties": "^2.0.0"
              }
            }
          }
        },
        "@babel/helper-simple-access": {
          "version": "7.1.0",
          "bundled": true,
          "requires": {
            "@babel/template": "^7.1.0",
            "@babel/types": "^7.0.0"
          },
          "dependencies": {
            "@babel/types": {
              "version": "7.3.4",
              "bundled": true,
              "requires": {
                "esutils": "^2.0.2",
                "lodash": "^4.17.11",
                "to-fast-properties": "^2.0.0"
              }
            }
          }
        },
        "@babel/helper-split-export-declaration": {
          "version": "7.0.0",
          "bundled": true,
          "requires": {
            "@babel/types": "^7.0.0"
          },
          "dependencies": {
            "@babel/types": {
              "version": "7.3.4",
              "bundled": true,
              "requires": {
                "esutils": "^2.0.2",
                "lodash": "^4.17.11",
                "to-fast-properties": "^2.0.0"
              }
            }
          }
        },
        "@babel/helpers": {
          "version": "7.3.1",
          "bundled": true,
          "requires": {
            "@babel/template": "^7.1.2",
            "@babel/traverse": "^7.1.5",
            "@babel/types": "^7.3.0"
          },
          "dependencies": {
            "@babel/types": {
              "version": "7.3.4",
              "bundled": true,
              "requires": {
                "esutils": "^2.0.2",
                "lodash": "^4.17.11",
                "to-fast-properties": "^2.0.0"
              }
            }
          }
        },
        "@babel/highlight": {
          "version": "7.0.0",
          "bundled": true,
          "requires": {
            "chalk": "^2.0.0",
            "esutils": "^2.0.2",
            "js-tokens": "^4.0.0"
          }
        },
        "@babel/parser": {
          "version": "7.3.4",
          "bundled": true
        },
        "@babel/template": {
          "version": "7.2.2",
          "bundled": true,
          "requires": {
            "@babel/code-frame": "^7.0.0",
            "@babel/parser": "^7.2.2",
            "@babel/types": "^7.2.2"
          },
          "dependencies": {
            "@babel/types": {
              "version": "7.3.4",
              "bundled": true,
              "requires": {
                "esutils": "^2.0.2",
                "lodash": "^4.17.11",
                "to-fast-properties": "^2.0.0"
              }
            }
          }
        },
        "@babel/traverse": {
          "version": "7.3.4",
          "bundled": true,
          "requires": {
            "@babel/code-frame": "^7.0.0",
            "@babel/generator": "^7.3.4",
            "@babel/helper-function-name": "^7.1.0",
            "@babel/helper-split-export-declaration": "^7.0.0",
            "@babel/parser": "^7.3.4",
            "@babel/types": "^7.3.4",
            "debug": "^4.1.0",
            "globals": "^11.1.0",
            "lodash": "^4.17.11"
          },
          "dependencies": {
            "@babel/types": {
              "version": "7.3.4",
              "bundled": true,
              "requires": {
                "esutils": "^2.0.2",
                "lodash": "^4.17.11",
                "to-fast-properties": "^2.0.0"
              }
            }
          }
        },
        "@babel/types": {
          "version": "7.0.0-beta.31",
          "bundled": true,
          "requires": {
            "esutils": "^2.0.2",
            "lodash": "^4.2.0",
            "to-fast-properties": "^2.0.0"
          }
        },
        "ansi-styles": {
          "version": "3.2.1",
          "bundled": true,
          "requires": {
            "color-convert": "^1.9.0"
          }
        },
        "assert": {
          "version": "1.4.1",
          "bundled": true,
          "requires": {
            "util": "0.10.3"
          }
        },
        "chalk": {
          "version": "2.4.2",
          "bundled": true,
          "requires": {
            "ansi-styles": "^3.2.1",
            "escape-string-regexp": "^1.0.5",
            "supports-color": "^5.3.0"
          }
        },
        "color-convert": {
          "version": "1.9.3",
          "bundled": true,
          "requires": {
            "color-name": "1.1.3"
          }
        },
        "color-name": {
          "version": "1.1.3",
          "bundled": true
        },
        "commander": {
          "version": "2.11.0",
          "bundled": true
        },
        "convert-source-map": {
          "version": "1.6.0",
          "bundled": true,
          "requires": {
            "safe-buffer": "~5.1.1"
          }
        },
        "debug": {
          "version": "4.1.1",
          "bundled": true,
          "requires": {
            "ms": "^2.1.1"
          }
        },
        "escape-string-regexp": {
          "version": "1.0.5",
          "bundled": true
        },
        "esutils": {
          "version": "2.0.2",
          "bundled": true
        },
        "fs-extra": {
          "version": "4.0.2",
          "bundled": true,
          "requires": {
            "graceful-fs": "^4.1.2",
            "jsonfile": "^4.0.0",
            "universalify": "^0.1.0"
          }
        },
        "globals": {
          "version": "11.11.0",
          "bundled": true
        },
        "graceful-fs": {
          "version": "4.1.11",
          "bundled": true
        },
        "has-flag": {
          "version": "3.0.0",
          "bundled": true
        },
        "inherits": {
          "version": "2.0.1",
          "bundled": true
        },
        "is-equal": {
          "version": "0.1.0",
          "bundled": true
        },
        "js-tokens": {
          "version": "4.0.0",
          "bundled": true
        },
        "jsdiff": {
          "version": "1.1.1",
          "bundled": true,
          "requires": {
            "is-equal": "~0.1.0"
          }
        },
        "jsesc": {
          "version": "2.5.2",
          "bundled": true
        },
        "json5": {
          "version": "2.1.0",
          "bundled": true,
          "requires": {
            "minimist": "^1.2.0"
          }
        },
        "jsonfile": {
          "version": "4.0.0",
          "bundled": true,
          "requires": {
            "graceful-fs": "^4.1.6"
          }
        },
        "lodash": {
          "version": "4.17.11",
          "bundled": true
        },
        "minimist": {
          "version": "1.2.0",
          "bundled": true
        },
        "ms": {
          "version": "2.1.1",
          "bundled": true
        },
        "path-parse": {
          "version": "1.0.6",
          "bundled": true
        },
        "resolve": {
          "version": "1.10.0",
          "bundled": true,
          "requires": {
            "path-parse": "^1.0.6"
          }
        },
        "rollup": {
          "version": "0.50.0",
          "bundled": true
        },
        "rollup-plugin-uglify": {
          "version": "2.0.1",
          "bundled": true,
          "requires": {
            "uglify-js": "^3.0.9"
          }
        },
        "safe-buffer": {
          "version": "5.1.2",
          "bundled": true
        },
        "semver": {
          "version": "5.6.0",
          "bundled": true
        },
        "source-map": {
          "version": "0.6.1",
          "bundled": true
        },
        "supports-color": {
          "version": "5.5.0",
          "bundled": true,
          "requires": {
            "has-flag": "^3.0.0"
          }
        },
        "to-fast-properties": {
          "version": "2.0.0",
          "bundled": true
        },
        "trim-right": {
          "version": "1.0.1",
          "bundled": true
        },
        "uglify-js": {
          "version": "3.1.6",
          "bundled": true,
          "requires": {
            "commander": "~2.11.0",
            "source-map": "~0.6.1"
          }
        },
        "universalify": {
          "version": "0.1.1",
          "bundled": true
        },
        "util": {
          "version": "0.10.3",
          "bundled": true,
          "requires": {
            "inherits": "2.0.1"
          }
        }
      }
    }
  }
}
